{
  "name": "@diwaskhatri/nepal-phone",
  "version": "1.0.0",
  "lockfileVersion": 3,
  "requires": true,
  "packages": {
    "": {
      "name": "@diwaskhatri/nepal-phone",
      "version": "1.0.0",
      "license": "MIT",
      "engines": {
        "node": ">=18"
      },
      "funding": {
        "type": "ko-fi",
        "url": "https://ko-fi.com/diwaskhatri"
      }
    }
  }
}
